
Microsoft Visual Studio Solution File, Format Version 12.00
# Visual Studio 15
VisualStudioVersion = 15.0.28307.489
MinimumVisualStudioVersion = 10.0.40219.1
Project("{FAE04EC0-301F-11D3-BF4B-00C04F79EFBC}") = "ap1", "ap1\ap1.csproj", "{35C067E9-ABB9-4FB3-B84C-F0AD6A1D440F}"
EndProject
Global
	GlobalSection(SolutionConfigurationPlatforms) = preSolution
		Debug|Any CPU = Debug|Any CPU
		Release|Any CPU = Release|Any CPU
	EndGlobalSection
	GlobalSection(ProjectConfigurationPlatforms) = postSolution
		{35C067E9-ABB9-4FB3-B84C-F0AD6A1D440F}.Debug|Any CPU.ActiveCfg = Debug|Any CPU
		{35C067E9-ABB9-4FB3-B84C-F0AD6A1D440F}.Debug|Any CPU.Build.0 = Debug|Any CPU
		{35C067E9-ABB9-4FB3-B84C-F0AD6A1D440F}.Release|Any CPU.ActiveCfg = Release|Any CPU
		{35C067E9-ABB9-4FB3-B84C-F0AD6A1D440F}.Release|Any CPU.Build.0 = Release|Any CPU
	EndGlobalSection
	GlobalSection(SolutionProperties) = preSolution
		HideSolutionNode = FALSE
	EndGlobalSection
	GlobalSection(ExtensibilityGlobals) = postSolution
		SolutionGuid = {33049C68-799C-4A4D-AEDD-6B4A50739F51}
	EndGlobalSection
EndGlobal
